// !$*UTF8*$!
{
	archiveVersion = 1;
	classes = {
	};
	objectVersion = 77;
	objects = {

/* Begin PBXContainerItemProxy section */
		0E40FC9C2E95D9EA00C91B60 /* PBXContainerItemProxy */ = {
			isa = PBXContainerItemProxy;
			containerPortal = 0E40FC832E95D9E900C91B60 /* Project object */;
			proxyType = 1;
			remoteGlobalIDString = 0E40FC8A2E95D9E900C91B60;
			remoteInfo = "MDI-114 Class 2";
		};
		0E40FCA62E95D9EA00C91B60 /* PBXContainerItemProxy */ = {
			isa = PBXContainerItemProxy;
			containerPortal = 0E40FC832E95D9E900C91B60 /* Project object */;
			proxyType = 1;
			remoteGlobalIDString = 0E40FC8A2E95D9E900C91B60;
			remoteInfo = "MDI-114 Class 2";
		};
/* End PBXContainerItemProxy section */

/* Begin PBXFileReference section */
		0E40FC8B2E95D9E900C91B60 /* MDI-114 Class 2.app */ = {isa = PBXFileReference; explicitFileType = wrapper.application; includeInIndex = 0; path = "MDI-114 Class 2.app"; sourceTree = BUILT_PRODUCTS_DIR; };
		0E40FC9B2E95D9EA00C91B60 /* MDI-114 Class 2Tests.xctest */ = {isa = PBXFileReference; explicitFileType = wrapper.cfbundle; includeInIndex = 0; path = "MDI-114 Class 2Tests.xctest"; sourceTree = BUILT_PRODUCTS_DIR; };
		0E40FCA52E95D9EA00C91B60 /* MDI-114 Class 2UITests.xctest */ = {isa = PBXFileReference; explicitFileType = wrapper.cfbundle; includeInIndex = 0; path = "MDI-114 Class 2UITests.xctest"; sourceTree = BUILT_PRODUCTS_DIR; };
/* End PBXFileReference section */

/* Begin PBXFileSystemSynchronizedRootGroup section */
		0E40FC8D2E95D9E900C91B60 /* MDI-114 Class 2 */ = {
			isa = PBXFileSystemSynchronizedRootGroup;
			path = "MDI-114 Class 2";
			sourceTree = "<group>";
		};
		0E40FC9E2E95D9EA00C91B60 /* MDI-114 Class 2Tests */ = {
			isa = PBXFileSystemSynchronizedRootGroup;
			path = "MDI-114 Class 2Tests";
			sourceTree = "<group>";
		};
		0E40FCA82E95D9EA00C91B60 /* MDI-114 Class 2UITests */ = {
			isa = PBXFileSystemSynchronizedRootGroup;
			path = "MDI-114 Class 2UITests";
			sourceTree = "<group>";
		};
/* End PBXFileSystemSynchronizedRootGroup section */

/* Begin PBXFrameworksBuildPhase section */
		0E40FC882E95D9E900C91B60 /* Frameworks */ = {
			isa = PBXFrameworksBuildPhase;
			buildActionMask = 2147483647;
			files = (
			);
			runOnlyForDeploymentPostprocessing = 0;
		};
		0E40FC982E95D9EA00C91B60 /* Frameworks */ = {
			isa = PBXFrameworksBuildPhase;
			buildActionMask = 2147483647;
			files = (
			);
			runOnlyForDeploymentPostprocessing = 0;
		};
		0E40FCA22E95D9EA00C91B60 /* Frameworks */ = {
			isa = PBXFrameworksBuildPhase;
			buildActionMask = 2147483647;
			files = (
			);
			runOnlyForDeploymentPostprocessing = 0;
		};
/* End PBXFrameworksBuildPhase section */

/* Begin PBXGroup section */
		0E40FC822E95D9E900C91B60 = {
			isa = PBXGroup;
			children = (
				0E40FC8D2E95D9E900C91B60 /* MDI-114 Class 2 */,
				0E40FC9E2E95D9EA00C91B60 /* MDI-114 Class 2Tests */,
				0E40FCA82E95D9EA00C91B60 /* MDI-114 Class 2UITests */,
				0E40FC8C2E95D9E900C91B60 /* Products */,
			);
			sourceTree = "<group>";
		};
		0E40FC8C2E95D9E900C91B60 /* Products */ = {
			isa = PBXGroup;
			children = (
				0E40FC8B2E95D9E900C91B60 /* MDI-114 Class 2.app */,
				0E40FC9B2E95D9EA00C91B60 /* MDI-114 Class 2Tests.xctest */,
				0E40FCA52E95D9EA00C91B60 /* MDI-114 Class 2UITests.xctest */,
			);
			name = Products;
			sourceTree = "<group>";
		};
/* End PBXGroup section */

/* Begin PBXNativeTarget section */
		0E40FC8A2E95D9E900C91B60 /* MDI-114 Class 2 */ = {
			isa = PBXNativeTarget;
			buildConfigurationList = 0E40FCAF2E95D9EA00C91B60 /* Build configuration list for PBXNativeTarget "MDI-114 Class 2" */;
			buildPhases = (
				0E40FC872E95D9E900C91B60 /* Sources */,
				0E40FC882E95D9E900C91B60 /* Frameworks */,
				0E40FC892E95D9E900C91B60 /* Resources */,
			);
			buildRules = (
			);
			dependencies = (
			);
			fileSystemSynchronizedGroups = (
				0E40FC8D2E95D9E900C91B60 /* MDI-114 Class 2 */,
			);
			name = "MDI-114 Class 2";
			packageProductDependencies = (
			);
			productName = "MDI-114 Class 2";
			productReference = 0E40FC8B2E95D9E900C91B60 /* MDI-114 Class 2.app */;
			productType = "com.apple.product-type.application";
		};
		0E40FC9A2E95D9EA00C91B60 /* MDI-114 Class 2Tests */ = {
			isa = PBXNativeTarget;
			buildConfigurationList = 0E40FCB22E95D9EA00C91B60 /* Build configuration list for PBXNativeTarget "MDI-114 Class 2Tests" */;
			buildPhases = (
				0E40FC972E95D9EA00C91B60 /* Sources */,
				0E40FC982E95D9EA00C91B60 /* Frameworks */,
				0E40FC992E95D9EA00C91B60 /* Resources */,
			);
			buildRules = (
			);
			dependencies = (
				0E40FC9D2E95D9EA00C91B60 /* PBXTargetDependency */,
			);
			fileSystemSynchronizedGroups = (
				0E40FC9E2E95D9EA00C91B60 /* MDI-114 Class 2Tests */,
			);
			name = "MDI-114 Class 2Tests";
			packageProductDependencies = (
			);
			productName = "MDI-114 Class 2Tests";
			productReference = 0E40FC9B2E95D9EA00C91B60 /* MDI-114 Class 2Tests.xctest */;
			productType = "com.apple.product-type.bundle.unit-test";
		};
		0E40FCA42E95D9EA00C91B60 /* MDI-114 Class 2UITests */ = {
			isa = PBXNativeTarget;
			buildConfigurationList = 0E40FCB52E95D9EA00C91B60 /* Build configuration list for PBXNativeTarget "MDI-114 Class 2UITests" */;
			buildPhases = (
				0E40FCA12E95D9EA00C91B60 /* Sources */,
				0E40FCA22E95D9EA00C91B60 /* Frameworks */,
				0E40FCA32E95D9EA00C91B60 /* Resources */,
			);
			buildRules = (
			);
			dependencies = (
				0E40FCA72E95D9EA00C91B60 /* PBXTargetDependency */,
			);
			fileSystemSynchronizedGroups = (
				0E40FCA82E95D9EA00C91B60 /* MDI-114 Class 2UITests */,
			);
			name = "MDI-114 Class 2UITests";
			packageProductDependencies = (
			);
			productName = "MDI-114 Class 2UITests";
			productReference = 0E40FCA52E95D9EA00C91B60 /* MDI-114 Class 2UITests.xctest */;
			productType = "com.apple.product-type.bundle.ui-testing";
		};
/* End PBXNativeTarget section */

/* Begin PBXProject section */
		0E40FC832E95D9E900C91B60 /* Project object */ = {
			isa = PBXProject;
			attributes = {
				BuildIndependentTargetsInParallel = 1;
				LastSwiftUpdateCheck = 1620;
				LastUpgradeCheck = 1620;
				TargetAttributes = {
					0E40FC8A2E95D9E900C91B60 = {
						CreatedOnToolsVersion = 16.2;
					};
					0E40FC9A2E95D9EA00C91B60 = {
						CreatedOnToolsVersion = 16.2;
						TestTargetID = 0E40FC8A2E95D9E900C91B60;
					};
					0E40FCA42E95D9EA00C91B60 = {
						CreatedOnToolsVersion = 16.2;
						TestTargetID = 0E40FC8A2E95D9E900C91B60;
					};
				};
			};
			buildConfigurationList = 0E40FC862E95D9E900C91B60 /* Build configuration list for PBXProject "MDI-114 Class 2" */;
			developmentRegion = en;
			hasScannedForEncodings = 0;
			knownRegions = (
				en,
				Base,
			);
			mainGroup = 0E40FC822E95D9E900C91B60;
			minimizedProjectReferenceProxies = 1;
			preferredProjectObjectVersion = 77;
			productRefGroup = 0E40FC8C2E95D9E900C91B60 /* Products */;
			projectDirPath = "";
			projectRoot = "";
			targets = (
				0E40FC8A2E95D9E900C91B60 /* MDI-114 Class 2 */,
				0E40FC9A2E95D9EA00C91B60 /* MDI-114 Class 2Tests */,
				0E40FCA42E95D9EA00C91B60 /* MDI-114 Class 2UITests */,
			);
		};
/* End PBXProject section */

/* Begin PBXResourcesBuildPhase section */
		0E40FC892E95D9E900C91B60 /* Resources */ = {
			isa = PBXResourcesBuildPhase;
			buildActionMask = 2147483647;
			files = (
			);
			runOnlyForDeploymentPostprocessing = 0;
		};
		0E40FC992E95D9EA00C91B60 /* Resources */ = {
			isa = PBXResourcesBuildPhase;
			buildActionMask = 2147483647;
			files = (
			);
			runOnlyForDeploymentPostprocessing = 0;
		};
		0E40FCA32E95D9EA00C91B60 /* Resources */ = {
			isa = PBXResourcesBuildPhase;
			buildActionMask = 2147483647;
			files = (
			);
			runOnlyForDeploymentPostprocessing = 0;
		};
/* End PBXResourcesBuildPhase section */

/* Begin PBXSourcesBuildPhase section */
		0E40FC872E95D9E900C91B60 /* Sources */ = {
			isa = PBXSourcesBuildPhase;
			buildActionMask = 2147483647;
			files = (
			);
			runOnlyForDeploymentPostprocessing = 0;
		};
		0E40FC972E95D9EA00C91B60 /* Sources */ = {
			isa = PBXSourcesBuildPhase;
			buildActionMask = 2147483647;
			files = (
			);
			runOnlyForDeploymentPostprocessing = 0;
		};
		0E40FCA12E95D9EA00C91B60 /* Sources */ = {
			isa = PBXSourcesBuildPhase;
			buildActionMask = 2147483647;
			files = (
			);
			runOnlyForDeploymentPostprocessing = 0;
		};
/* End PBXSourcesBuildPhase section */

/* Begin PBXTargetDependency section */
		0E40FC9D2E95D9EA00C91B60 /* PBXTargetDependency */ = {
			isa = PBXTargetDependency;
			target = 0E40FC8A2E95D9E900C91B60 /* MDI-114 Class 2 */;
			targetProxy = 0E40FC9C2E95D9EA00C91B60 /* PBXContainerItemProxy */;
		};
		0E40FCA72E95D9EA00C91B60 /* PBXTargetDependency */ = {
			isa = PBXTargetDependency;
			target = 0E40FC8A2E95D9E900C91B60 /* MDI-114 Class 2 */;
			targetProxy = 0E40FCA62E95D9EA00C91B60 /* PBXContainerItemProxy */;
		};
/* End PBXTargetDependency section */

/* Begin XCBuildConfiguration section */
		0E40FCAD2E95D9EA00C91B60 /* Debug */ = {
			isa = XCBuildConfiguration;
			buildSettings = {
				ALWAYS_SEARCH_USER_PATHS = NO;
				ASSETCATALOG_COMPILER_GENERATE_SWIFT_ASSET_SYMBOL_EXTENSIONS = YES;
				CLANG_ANALYZER_NONNULL = YES;
				CLANG_ANALYZER_NUMBER_OBJECT_CONVERSION = YES_AGGRESSIVE;
				CLANG_CXX_LANGUAGE_STANDARD = "gnu++20";
				CLANG_ENABLE_MODULES = YES;
				CLANG_ENABLE_OBJC_ARC = YES;
				CLANG_ENABLE_OBJC_WEAK = YES;
				CLANG_WARN_BLOCK_CAPTURE_AUTORELEASING = YES;
				CLANG_WARN_BOOL_CONVERSION = YES;
				CLANG_WARN_COMMA = YES;
				CLANG_WARN_CONSTANT_CONVERSION = YES;
				CLANG_WARN_DEPRECATED_OBJC_IMPLEMENTATIONS = YES;
				CLANG_WARN_DIRECT_OBJC_ISA_USAGE = YES_ERROR;
				CLANG_WARN_DOCUMENTATION_COMMENTS = YES;
				CLANG_WARN_EMPTY_BODY = YES;
				CLANG_WARN_ENUM_CONVERSION = YES;
				CLANG_WARN_INFINITE_RECURSION = YES;
				CLANG_WARN_INT_CONVERSION = YES;
				CLANG_WARN_NON_LITERAL_NULL_CONVERSION = YES;
				CLANG_WARN_OBJC_IMPLICIT_RETAIN_SELF = YES;
				CLANG_WARN_OBJC_LITERAL_CONVERSION = YES;
				CLANG_WARN_OBJC_ROOT_CLASS = YES_ERROR;
				CLANG_WARN_QUOTED_INCLUDE_IN_FRAMEWORK_HEADER = YES;
				CLANG_WARN_RANGE_LOOP_ANALYSIS = YES;
				CLANG_WARN_STRICT_PROTOTYPES = YES;
				CLANG_WARN_SUSPICIOUS_MOVE = YES;
				CLANG_WARN_UNGUARDED_AVAILABILITY = YES_AGGRESSIVE;
				CLANG_WARN_UNREACHABLE_CODE = YES;
				CLANG_WARN__DUPLICATE_METHOD_MATCH = YES;
				COPY_PHASE_STRIP = NO;
				DEBUG_INFORMATION_FORMAT = dwarf;
				ENABLE_STRICT_OBJC_MSGSEND = YES;
				ENABLE_TESTABILITY = YES;
				ENABLE_USER_SCRIPT_SANDBOXING = YES;
				GCC_C_LANGUAGE_STANDARD = gnu17;
				GCC_DYNAMIC_NO_PIC = NO;
				GCC_NO_COMMON_BLOCKS = YES;
				GCC_OPTIMIZATION_LEVEL = 0;
				GCC_PREPROCESSOR_DEFINITIONS = (
					"DEBUG=1",
					"$(inherited)",
				);
				GCC_WARN_64_TO_32_BIT_CONVERSION = YES;
				GCC_WARN_ABOUT_RETURN_TYPE = YES_ERROR;
				GCC_WARN_UNDECLARED_SELECTOR = YES;
				GCC_WARN_UNINITIALIZED_AUTOS = YES_AGGRESSIVE;
				GCC_WARN_UNUSED_FUNCTION = YES;
				GCC_WARN_UNUSED_VARIABLE = YES;
				IPHONEOS_DEPLOYMENT_TARGET = 18.2;
				LOCALIZATION_PREFERS_STRING_CATALOGS = YES;
				MTL_ENABLE_DEBUG_INFO = INCLUDE_SOURCE;
				MTL_FAST_MATH = YES;
				ONLY_ACTIVE_ARCH = YES;
				SDKROOT = iphoneos;
				SWIFT_ACTIVE_COMPILATION_CONDITIONS = "DEBUG $(inherited)";
				SWIFT_OPTIMIZATION_LEVEL = "-Onone";
			};
			name = Debug;
		};
		0E40FCAE2E95D9EA00C91B60 /* Release */ = {
			isa = XCBuildConfiguration;
			buildSettings = {
				ALWAYS_SEARCH_USER_PATHS = NO;
				ASSETCATALOG_COMPILER_GENERATE_SWIFT_ASSET_SYMBOL_EXTENSIONS = YES;
				CLANG_ANALYZER_NONNULL = YES;
				CLANG_ANALYZER_NUMBER_OBJECT_CONVERSION = YES_AGGRESSIVE;
				CLANG_CXX_LANGUAGE_STANDARD = "gnu++20";
				CLANG_ENABLE_MODULES = YES;
				CLANG_ENABLE_OBJC_ARC = YES;
				CLANG_ENABLE_OBJC_WEAK = YES;
				CLANG_WARN_BLOCK_CAPTURE_AUTORELEASING = YES;
				CLANG_WARN_BOOL_CONVERSION = YES;
				CLANG_WARN_COMMA = YES;
				CLANG_WARN_CONSTANT_CONVERSION = YES;
				CLANG_WARN_DEPRECATED_OBJC_IMPLEMENTATIONS = YES;
				CLANG_WARN_DIRECT_OBJC_ISA_USAGE = YES_ERROR;
				CLANG_WARN_DOCUMENTATION_COMMENTS = YES;
				CLANG_WARN_EMPTY_BODY = YES;
				CLANG_WARN_ENUM_CONVERSION = YES;
				CLANG_WARN_INFINITE_RECURSION = YES;
				CLANG_WARN_INT_CONVERSION = YES;
				CLANG_WARN_NON_LITERAL_NULL_CONVERSION = YES;
				CLANG_WARN_OBJC_IMPLICIT_RETAIN_SELF = YES;
				CLANG_WARN_OBJC_LITERAL_CONVERSION = YES;
				CLANG_WARN_OBJC_ROOT_CLASS = YES_ERROR;
				CLANG_WARN_QUOTED_INCLUDE_IN_FRAMEWORK_HEADER = YES;
				CLANG_WARN_RANGE_LOOP_ANALYSIS = YES;
				CLANG_WARN_STRICT_PROTOTYPES = YES;
				CLANG_WARN_SUSPICIOUS_MOVE = YES;
				CLANG_WARN_UNGUARDED_AVAILABILITY = YES_AGGRESSIVE;
				CLANG_WARN_UNREACHABLE_CODE = YES;
				CLANG_WARN__DUPLICATE_METHOD_MATCH = YES;
				COPY_PHASE_STRIP = NO;
				DEBUG_INFORMATION_FORMAT = "dwarf-with-dsym";
				ENABLE_NS_ASSERTIONS = NO;
				ENABLE_STRICT_OBJC_MSGSEND = YES;
				ENABLE_USER_SCRIPT_SANDBOXING = YES;
				GCC_C_LANGUAGE_STANDARD = gnu17;
				GCC_NO_COMMON_BLOCKS = YES;
				GCC_WARN_64_TO_32_BIT_CONVERSION = YES;
				GCC_WARN_ABOUT_RETURN_TYPE = YES_ERROR;
				GCC_WARN_UNDECLARED_SELECTOR = YES;
				GCC_WARN_UNINITIALIZED_AUTOS = YES_AGGRESSIVE;
				GCC_WARN_UNUSED_FUNCTION = YES;
				GCC_WARN_UNUSED_VARIABLE = YES;
				IPHONEOS_DEPLOYMENT_TARGET = 18.2;
				LOCALIZATION_PREFERS_STRING_CATALOGS = YES;
				MTL_ENABLE_DEBUG_INFO = NO;
				MTL_FAST_MATH = YES;
				SDKROOT = iphoneos;
				SWIFT_COMPILATION_MODE = wholemodule;
				VALIDATE_PRODUCT = YES;
			};
			name = Release;
		};
		0E40FCB02E95D9EA00C91B60 /* Debug */ = {
			isa = XCBuildConfiguration;
			buildSettings = {
				ASSETCATALOG_COMPILER_APPICON_NAME = AppIcon;
				ASSETCATALOG_COMPILER_GLOBAL_ACCENT_COLOR_NAME = AccentColor;
				CODE_SIGN_STYLE = Automatic;
				CURRENT_PROJECT_VERSION = 1;
				DEVELOPMENT_ASSET_PATHS = "\"MDI-114 Class 2/Preview Content\"";
				DEVELOPMENT_TEAM = 4W498U9PZP;
				ENABLE_PREVIEWS = YES;
				GENERATE_INFOPLIST_FILE = YES;
				INFOPLIST_KEY_UIApplicationSceneManifest_Generation = YES;
				INFOPLIST_KEY_UIApplicationSupportsIndirectInputEvents = YES;
				INFOPLIST_KEY_UILaunchScreen_Generation = YES;
				INFOPLIST_KEY_UISupportedInterfaceOrientations_iPad = "UIInterfaceOrientationPortrait UIInterfaceOrientationPortraitUpsideDown UIInterfaceOrientationLandscapeLeft UIInterfaceOrientationLandscapeRight";
				INFOPLIST_KEY_UISupportedInterfaceOrientations_iPhone = "UIInterfaceOrientationPortrait UIInterfaceOrientationLandscapeLeft UIInterfaceOrientationLandscapeRight";
				LD_RUNPATH_SEARCH_PATHS = (
					"$(inherited)",
					"@executable_path/Frameworks",
				);
				MARKETING_VERSION = 1.0;
				PRODUCT_BUNDLE_IDENTIFIER = "GSA.MDI-114-Class-2";
				PRODUCT_NAME = "$(TARGET_NAME)";
				SWIFT_EMIT_LOC_STRINGS = YES;
				SWIFT_VERSION = 5.0;
				TARGETED_DEVICE_FAMILY = "1,2";
			};
			name = Debug;
		};
		0E40FCB12E95D9EA00C91B60 /* Release */ = {
			isa = XCBuildConfiguration;
			buildSettings = {
				ASSETCATALOG_COMPILER_APPICON_NAME = AppIcon;
				ASSETCATALOG_COMPILER_GLOBAL_ACCENT_COLOR_NAME = AccentColor;
				CODE_SIGN_STYLE = Automatic;
				CURRENT_PROJECT_VERSION = 1;
				DEVELOPMENT_ASSET_PATHS = "\"MDI-114 Class 2/Preview Content\"";
				DEVELOPMENT_TEAM = 4W498U9PZP;
				ENABLE_PREVIEWS = YES;
				GENERATE_INFOPLIST_FILE = YES;
				INFOPLIST_KEY_UIApplicationSceneManifest_Generation = YES;
				INFOPLIST_KEY_UIApplicationSupportsIndirectInputEvents = YES;
				INFOPLIST_KEY_UILaunchScreen_Generation = YES;
				INFOPLIST_KEY_UISupportedInterfaceOrientations_iPad = "UIInterfaceOrientationPortrait UIInterfaceOrientationPortraitUpsideDown UIInterfaceOrientationLandscapeLeft UIInterfaceOrientationLandscapeRight";
				INFOPLIST_KEY_UISupportedInterfaceOrientations_iPhone = "UIInterfaceOrientationPortrait UIInterfaceOrientationLandscapeLeft UIInterfaceOrientationLandscapeRight";
				LD_RUNPATH_SEARCH_PATHS = (
					"$(inherited)",
					"@executable_path/Frameworks",
				);
				MARKETING_VERSION = 1.0;
				PRODUCT_BUNDLE_IDENTIFIER = "GSA.MDI-114-Class-2";
				PRODUCT_NAME = "$(TARGET_NAME)";
				SWIFT_EMIT_LOC_STRINGS = YES;
				SWIFT_VERSION = 5.0;
				TARGETED_DEVICE_FAMILY = "1,2";
			};
			name = Release;
		};
		0E40FCB32E95D9EA00C91B60 /* Debug */ = {
			isa = XCBuildConfiguration;
			buildSettings = {
				BUNDLE_LOADER = "$(TEST_HOST)";
				CODE_SIGN_STYLE = Automatic;
				CURRENT_PROJECT_VERSION = 1;
				DEVELOPMENT_TEAM = 4W498U9PZP;
				GENERATE_INFOPLIST_FILE = YES;
				IPHONEOS_DEPLOYMENT_TARGET = 18.2;
				MARKETING_VERSION = 1.0;
				PRODUCT_BUNDLE_IDENTIFIER = "GSA.MDI-114-Class-2Tests";
				PRODUCT_NAME = "$(TARGET_NAME)";
				SWIFT_EMIT_LOC_STRINGS = NO;
				SWIFT_VERSION = 5.0;
				TARGETED_DEVICE_FAMILY = "1,2";
				TEST_HOST = "$(BUILT_PRODUCTS_DIR)/MDI-114 Class 2.app/$(BUNDLE_EXECUTABLE_FOLDER_PATH)/MDI-114 Class 2";
			};
			name = Debug;
		};
		0E40FCB42E95D9EA00C91B60 /* Release */ = {
			isa = XCBuildConfiguration;
			buildSettings = {
				BUNDLE_LOADER = "$(TEST_HOST)";
				CODE_SIGN_STYLE = Automatic;
				CURRENT_PROJECT_VERSION = 1;
				DEVELOPMENT_TEAM = 4W498U9PZP;
				GENERATE_INFOPLIST_FILE = YES;
				IPHONEOS_DEPLOYMENT_TARGET = 18.2;
				MARKETING_VERSION = 1.0;
				PRODUCT_BUNDLE_IDENTIFIER = "GSA.MDI-114-Class-2Tests";
				PRODUCT_NAME = "$(TARGET_NAME)";
				SWIFT_EMIT_LOC_STRINGS = NO;
				SWIFT_VERSION = 5.0;
				TARGETED_DEVICE_FAMILY = "1,2";
				TEST_HOST = "$(BUILT_PRODUCTS_DIR)/MDI-114 Class 2.app/$(BUNDLE_EXECUTABLE_FOLDER_PATH)/MDI-114 Class 2";
			};
			name = Release;
		};
		0E40FCB62E95D9EA00C91B60 /* Debug */ = {
			isa = XCBuildConfiguration;
			buildSettings = {
				CODE_SIGN_STYLE = Automatic;
				CURRENT_PROJECT_VERSION = 1;
				DEVELOPMENT_TEAM = 4W498U9PZP;
				GENERATE_INFOPLIST_FILE = YES;
				MARKETING_VERSION = 1.0;
				PRODUCT_BUNDLE_IDENTIFIER = "GSA.MDI-114-Class-2UITests";
				PRODUCT_NAME = "$(TARGET_NAME)";
				SWIFT_EMIT_LOC_STRINGS = NO;
				SWIFT_VERSION = 5.0;
				TARGETED_DEVICE_FAMILY = "1,2";
				TEST_TARGET_NAME = "MDI-114 Class 2";
			};
			name = Debug;
		};
		0E40FCB72E95D9EA00C91B60 /* Release */ = {
			isa = XCBuildConfiguration;
			buildSettings = {
				CODE_SIGN_STYLE = Automatic;
				CURRENT_PROJECT_VERSION = 1;
				DEVELOPMENT_TEAM = 4W498U9PZP;
				GENERATE_INFOPLIST_FILE = YES;
				MARKETING_VERSION = 1.0;
				PRODUCT_BUNDLE_IDENTIFIER = "GSA.MDI-114-Class-2UITests";
				PRODUCT_NAME = "$(TARGET_NAME)";
				SWIFT_EMIT_LOC_STRINGS = NO;
				SWIFT_VERSION = 5.0;
				TARGETED_DEVICE_FAMILY = "1,2";
				TEST_TARGET_NAME = "MDI-114 Class 2";
			};
			name = Release;
		};
/* End XCBuildConfiguration section */

/* Begin XCConfigurationList section */
		0E40FC862E95D9E900C91B60 /* Build configuration list for PBXProject "MDI-114 Class 2" */ = {
			isa = XCConfigurationList;
			buildConfigurations = (
				0E40FCAD2E95D9EA00C91B60 /* Debug */,
				0E40FCAE2E95D9EA00C91B60 /* Release */,
			);
			defaultConfigurationIsVisible = 0;
			defaultConfigurationName = Release;
		};
		0E40FCAF2E95D9EA00C91B60 /* Build configuration list for PBXNativeTarget "MDI-114 Class 2" */ = {
			isa = XCConfigurationList;
			buildConfigurations = (
				0E40FCB02E95D9EA00C91B60 /* Debug */,
				0E40FCB12E95D9EA00C91B60 /* Release */,
			);
			defaultConfigurationIsVisible = 0;
			defaultConfigurationName = Release;
		};
		0E40FCB22E95D9EA00C91B60 /* Build configuration list for PBXNativeTarget "MDI-114 Class 2Tests" */ = {
			isa = XCConfigurationList;
			buildConfigurations = (
				0E40FCB32E95D9EA00C91B60 /* Debug */,
				0E40FCB42E95D9EA00C91B60 /* Release */,
			);
			defaultConfigurationIsVisible = 0;
			defaultConfigurationName = Release;
		};
		0E40FCB52E95D9EA00C91B60 /* Build configuration list for PBXNativeTarget "MDI-114 Class 2UITests" */ = {
			isa = XCConfigurationList;
			buildConfigurations = (
				0E40FCB62E95D9EA00C91B60 /* Debug */,
				0E40FCB72E95D9EA00C91B60 /* Release */,
			);
			defaultConfigurationIsVisible = 0;
			defaultConfigurationName = Release;
		};
/* End XCConfigurationList section */
	};
	rootObject = 0E40FC832E95D9E900C91B60 /* Project object */;
}
